
Microsoft Visual Studio Solution File, Format Version 12.00
# Visual Studio 15
VisualStudioVersion = 15.0.28307.539
MinimumVisualStudioVersion = 10.0.40219.1
Project("{FAE04EC0-301F-11D3-BF4B-00C04F79EFBC}") = "Kolpojontro.Reg", "Kolpojontro.Reg\Kolpojontro.Reg.csproj", "{851160F1-5CFC-40C4-A799-C75B1F3F46F6}"
EndProject
Global
	GlobalSection(SolutionConfigurationPlatforms) = preSolution
		Debug|Any CPU = Debug|Any CPU
		Release|Any CPU = Release|Any CPU
	EndGlobalSection
	GlobalSection(ProjectConfigurationPlatforms) = postSolution
		{851160F1-5CFC-40C4-A799-C75B1F3F46F6}.Debug|Any CPU.ActiveCfg = Debug|Any CPU
		{851160F1-5CFC-40C4-A799-C75B1F3F46F6}.Debug|Any CPU.Build.0 = Debug|Any CPU
		{851160F1-5CFC-40C4-A799-C75B1F3F46F6}.Release|Any CPU.ActiveCfg = Release|Any CPU
		{851160F1-5CFC-40C4-A799-C75B1F3F46F6}.Release|Any CPU.Build.0 = Release|Any CPU
	EndGlobalSection
	GlobalSection(SolutionProperties) = preSolution
		HideSolutionNode = FALSE
	EndGlobalSection
	GlobalSection(ExtensibilityGlobals) = postSolution
		SolutionGuid = {D6B908D3-9244-4A94-B130-E22E49295D39}
	EndGlobalSection
EndGlobal
